// !$*UTF8*$!
{
	archiveVersion = 1;
	classes = {
	};
	objectVersion = 50;
	objects = {

/* Begin PBXBuildFile section */
		21F49B0720B4482E00A7BEBE /* AppDelegate.swift in Sources */ = {isa = PBXBuildFile; fileRef = 21F49B0620B4482E00A7BEBE /* AppDelegate.swift */; };
		21F49B0920B4482E00A7BEBE /* ViewController.swift in Sources */ = {isa = PBXBuildFile; fileRef = 21F49B0820B4482E00A7BEBE /* ViewController.swift */; };
		21F49B0C20B4482E00A7BEBE /* Main.storyboard in Resources */ = {isa = PBXBuildFile; fileRef = 21F49B0A20B4482E00A7BEBE /* Main.storyboard */; };
		21F49B0E20B4483000A7BEBE /* Assets.xcassets in Resources */ = {isa = PBXBuildFile; fileRef = 21F49B0D20B4483000A7BEBE /* Assets.xcassets */; };
		21F49B1120B4483000A7BEBE /* LaunchScreen.storyboard in Resources */ = {isa = PBXBuildFile; fileRef = 21F49B0F20B4483000A7BEBE /* LaunchScreen.storyboard */; };
		21F49B1920B4568400A7BEBE /* VGG16.mlmodel in Sources */ = {isa = PBXBuildFile; fileRef = 21F49B1820B4568100A7BEBE /* VGG16.mlmodel */; };
/* End PBXBuildFile section */

/* Begin PBXFileReference section */
		21F49B0320B4482E00A7BEBE /* CoreMLVideos.app */ = {isa = PBXFileReference; explicitFileType = wrapper.application; includeInIndex = 0; path = CoreMLVideos.app; sourceTree = BUILT_PRODUCTS_DIR; };
		21F49B0620B4482E00A7BEBE /* AppDelegate.swift */ = {isa = PBXFileReference; lastKnownFileType = sourcecode.swift; path = AppDelegate.swift; sourceTree = "<group>"; };
		21F49B0820B4482E00A7BEBE /* ViewController.swift */ = {isa = PBXFileReference; lastKnownFileType = sourcecode.swift; path = ViewController.swift; sourceTree = "<group>"; };
		21F49B0B20B4482E00A7BEBE /* Base */ = {isa = PBXFileReference; lastKnownFileType = file.storyboard; name = Base; path = Base.lproj/Main.storyboard; sourceTree = "<group>"; };
		21F49B0D20B4483000A7BEBE /* Assets.xcassets */ = {isa = PBXFileReference; lastKnownFileType = folder.assetcatalog; path = Assets.xcassets; sourceTree = "<group>"; };
		21F49B1020B4483000A7BEBE /* Base */ = {isa = PBXFileReference; lastKnownFileType = file.storyboard; name = Base; path = Base.lproj/LaunchScreen.storyboard; sourceTree = "<group>"; };
		21F49B1220B4483000A7BEBE /* Info.plist */ = {isa = PBXFileReference; lastKnownFileType = text.plist.xml; path = Info.plist; sourceTree = "<group>"; };
		21F49B1820B4568100A7BEBE /* VGG16.mlmodel */ = {isa = PBXFileReference; lastKnownFileType = file.mlmodel; name = VGG16.mlmodel; path = ../../../ML_Models/VGG16.mlmodel; sourceTree = "<group>"; };
/* End PBXFileReference section */

/* Begin PBXFrameworksBuildPhase section */
		21F49B0020B4482E00A7BEBE /* Frameworks */ = {
			isa = PBXFrameworksBuildPhase;
			buildActionMask = 2147483647;
			files = (
			);
			runOnlyForDeploymentPostprocessing = 0;
		};
/* End PBXFrameworksBuildPhase section */

/* Begin PBXGroup section */
		21F49AFA20B4482E00A7BEBE = {
			isa = PBXGroup;
			children = (
				21F49B0520B4482E00A7BEBE /* CoreMLVideos */,
				21F49B0420B4482E00A7BEBE /* Products */,
			);
			sourceTree = "<group>";
		};
		21F49B0420B4482E00A7BEBE /* Products */ = {
			isa = PBXGroup;
			children = (
				21F49B0320B4482E00A7BEBE /* CoreMLVideos.app */,
			);
			name = Products;
			sourceTree = "<group>";
		};
		21F49B0520B4482E00A7BEBE /* CoreMLVideos */ = {
			isa = PBXGroup;
			children = (
				21F49B1820B4568100A7BEBE /* VGG16.mlmodel */,
				21F49B0620B4482E00A7BEBE /* AppDelegate.swift */,
				21F49B0820B4482E00A7BEBE /* ViewController.swift */,
				21F49B0A20B4482E00A7BEBE /* Main.storyboard */,
				21F49B0D20B4483000A7BEBE /* Assets.xcassets */,
				21F49B0F20B4483000A7BEBE /* LaunchScreen.storyboard */,
				21F49B1220B4483000A7BEBE /* Info.plist */,
			);
			path = CoreMLVideos;
			sourceTree = "<group>";
		};
/* End PBXGroup section */

/* Begin PBXNativeTarget section */
		21F49B0220B4482E00A7BEBE /* CoreMLVideos */ = {
			isa = PBXNativeTarget;
			buildConfigurationList = 21F49B1520B4483000A7BEBE /* Build configuration list for PBXNativeTarget "CoreMLVideos" */;
			buildPhases = (
				21F49AFF20B4482E00A7BEBE /* Sources */,
				21F49B0020B4482E00A7BEBE /* Frameworks */,
				21F49B0120B4482E00A7BEBE /* Resources */,
			);
			buildRules = (
			);
			dependencies = (
			);
			name = CoreMLVideos;
			productName = CoreMLVideos;
			productReference = 21F49B0320B4482E00A7BEBE /* CoreMLVideos.app */;
			productType = "com.apple.product-type.application";
		};
/* End PBXNativeTarget section */

/* Begin PBXProject section */
		21F49AFB20B4482E00A7BEBE /* Project object */ = {
			isa = PBXProject;
			attributes = {
				LastSwiftUpdateCheck = 0930;
				LastUpgradeCheck = 0930;
				ORGANIZATIONNAME = TAV;
				TargetAttributes = {
					21F49B0220B4482E00A7BEBE = {
						CreatedOnToolsVersion = 9.3.1;
					};
				};
			};
			buildConfigurationList = 21F49AFE20B4482E00A7BEBE /* Build configuration list for PBXProject "CoreMLVideos" */;
			compatibilityVersion = "Xcode 9.3";
			developmentRegion = en;
			hasScannedForEncodings = 0;
			knownRegions = (
				en,
				Base,
			);
			mainGroup = 21F49AFA20B4482E00A7BEBE;
			productRefGroup = 21F49B0420B4482E00A7BEBE /* Products */;
			projectDirPath = "";
			projectRoot = "";
			targets = (
				21F49B0220B4482E00A7BEBE /* CoreMLVideos */,
			);
		};
/* End PBXProject section */

/* Begin PBXResourcesBuildPhase section */
		21F49B0120B4482E00A7BEBE /* Resources */ = {
			isa = PBXResourcesBuildPhase;
			buildActionMask = 2147483647;
			files = (
				21F49B1120B4483000A7BEBE /* LaunchScreen.storyboard in Resources */,
				21F49B0E20B4483000A7BEBE /* Assets.xcassets in Resources */,
				21F49B0C20B4482E00A7BEBE /* Main.storyboard in Resources */,
			);
			runOnlyForDeploymentPostprocessing = 0;
		};
/* End PBXResourcesBuildPhase section */

/* Begin PBXSourcesBuildPhase section */
		21F49AFF20B4482E00A7BEBE /* Sources */ = {
			isa = PBXSourcesBuildPhase;
			buildActionMask = 2147483647;
			files = (
				21F49B0920B4482E00A7BEBE /* ViewController.swift in Sources */,
				21F49B0720B4482E00A7BEBE /* AppDelegate.swift in Sources */,
				21F49B1920B4568400A7BEBE /* VGG16.mlmodel in Sources */,
			);
			runOnlyForDeploymentPostprocessing = 0;
		};
/* End PBXSourcesBuildPhase section */

/* Begin PBXVariantGroup section */
		21F49B0A20B4482E00A7BEBE /* Main.storyboard */ = {
			isa = PBXVariantGroup;
			children = (
				21F49B0B20B4482E00A7BEBE /* Base */,
			);
			name = Main.storyboard;
			sourceTree = "<group>";
		};
		21F49B0F20B4483000A7BEBE /* LaunchScreen.storyboard */ = {
			isa = PBXVariantGroup;
			children = (
				21F49B1020B4483000A7BEBE /* Base */,
			);
			name = LaunchScreen.storyboard;
			sourceTree = "<group>";
		};
/* End PBXVariantGroup section */

/* Begin XCBuildConfiguration section */
		21F49B1320B4483000A7BEBE /* Debug */ = {
			isa = XCBuildConfiguration;
			buildSettings = {
				ALWAYS_SEARCH_USER_PATHS = NO;
				CLANG_ANALYZER_NONNULL = YES;
				CLANG_ANALYZER_NUMBER_OBJECT_CONVERSION = YES_AGGRESSIVE;
				CLANG_CXX_LANGUAGE_STANDARD = "gnu++14";
				CLANG_CXX_LIBRARY = "libc++";
				CLANG_ENABLE_MODULES = YES;
				CLANG_ENABLE_OBJC_ARC = YES;
				CLANG_ENABLE_OBJC_WEAK = YES;
				CLANG_WARN_BLOCK_CAPTURE_AUTORELEASING = YES;
				CLANG_WARN_BOOL_CONVERSION = YES;
				CLANG_WARN_COMMA = YES;
				CLANG_WARN_CONSTANT_CONVERSION = YES;
				CLANG_WARN_DEPRECATED_OBJC_IMPLEMENTATIONS = YES;
				CLANG_WARN_DIRECT_OBJC_ISA_USAGE = YES_ERROR;
				CLANG_WARN_DOCUMENTATION_COMMENTS = YES;
				CLANG_WARN_EMPTY_BODY = YES;
				CLANG_WARN_ENUM_CONVERSION = YES;
				CLANG_WARN_INFINITE_RECURSION = YES;
				CLANG_WARN_INT_CONVERSION = YES;
				CLANG_WARN_NON_LITERAL_NULL_CONVERSION = YES;
				CLANG_WARN_OBJC_IMPLICIT_RETAIN_SELF = YES;
				CLANG_WARN_OBJC_LITERAL_CONVERSION = YES;
				CLANG_WARN_OBJC_ROOT_CLASS = YES_ERROR;
				CLANG_WARN_RANGE_LOOP_ANALYSIS = YES;
				CLANG_WARN_STRICT_PROTOTYPES = YES;
				CLANG_WARN_SUSPICIOUS_MOVE = YES;
				CLANG_WARN_UNGUARDED_AVAILABILITY = YES_AGGRESSIVE;
				CLANG_WARN_UNREACHABLE_CODE = YES;
				CLANG_WARN__DUPLICATE_METHOD_MATCH = YES;
				CODE_SIGN_IDENTITY = "iPhone Developer";
				COPY_PHASE_STRIP = NO;
				DEBUG_INFORMATION_FORMAT = dwarf;
				ENABLE_STRICT_OBJC_MSGSEND = YES;
				ENABLE_TESTABILITY = YES;
				GCC_C_LANGUAGE_STANDARD = gnu11;
				GCC_DYNAMIC_NO_PIC = NO;
				GCC_NO_COMMON_BLOCKS = YES;
				GCC_OPTIMIZATION_LEVEL = 0;
				GCC_PREPROCESSOR_DEFINITIONS = (
					"DEBUG=1",
					"$(inherited)",
				);
				GCC_WARN_64_TO_32_BIT_CONVERSION = YES;
				GCC_WARN_ABOUT_RETURN_TYPE = YES_ERROR;
				GCC_WARN_UNDECLARED_SELECTOR = YES;
				GCC_WARN_UNINITIALIZED_AUTOS = YES_AGGRESSIVE;
				GCC_WARN_UNUSED_FUNCTION = YES;
				GCC_WARN_UNUSED_VARIABLE = YES;
				IPHONEOS_DEPLOYMENT_TARGET = 11.3;
				MTL_ENABLE_DEBUG_INFO = YES;
				ONLY_ACTIVE_ARCH = YES;
				SDKROOT = iphoneos;
				SWIFT_ACTIVE_COMPILATION_CONDITIONS = DEBUG;
				SWIFT_OPTIMIZATION_LEVEL = "-Onone";
			};
			name = Debug;
		};
		21F49B1420B4483000A7BEBE /* Release */ = {
			isa = XCBuildConfiguration;
			buildSettings = {
				ALWAYS_SEARCH_USER_PATHS = NO;
				CLANG_ANALYZER_NONNULL = YES;
				CLANG_ANALYZER_NUMBER_OBJECT_CONVERSION = YES_AGGRESSIVE;
				CLANG_CXX_LANGUAGE_STANDARD = "gnu++14";
				CLANG_CXX_LIBRARY = "libc++";
				CLANG_ENABLE_MODULES = YES;
				CLANG_ENABLE_OBJC_ARC = YES;
				CLANG_ENABLE_OBJC_WEAK = YES;
				CLANG_WARN_BLOCK_CAPTURE_AUTORELEASING = YES;
				CLANG_WARN_BOOL_CONVERSION = YES;
				CLANG_WARN_COMMA = YES;
				CLANG_WARN_CONSTANT_CONVERSION = YES;
				CLANG_WARN_DEPRECATED_OBJC_IMPLEMENTATIONS = YES;
				CLANG_WARN_DIRECT_OBJC_ISA_USAGE = YES_ERROR;
				CLANG_WARN_DOCUMENTATION_COMMENTS = YES;
				CLANG_WARN_EMPTY_BODY = YES;
				CLANG_WARN_ENUM_CONVERSION = YES;
				CLANG_WARN_INFINITE_RECURSION = YES;
				CLANG_WARN_INT_CONVERSION = YES;
				CLANG_WARN_NON_LITERAL_NULL_CONVERSION = YES;
				CLANG_WARN_OBJC_IMPLICIT_RETAIN_SELF = YES;
				CLANG_WARN_OBJC_LITERAL_CONVERSION = YES;
				CLANG_WARN_OBJC_ROOT_CLASS = YES_ERROR;
				CLANG_WARN_RANGE_LOOP_ANALYSIS = YES;
				CLANG_WARN_STRICT_PROTOTYPES = YES;
				CLANG_WARN_SUSPICIOUS_MOVE = YES;
				CLANG_WARN_UNGUARDED_AVAILABILITY = YES_AGGRESSIVE;
				CLANG_WARN_UNREACHABLE_CODE = YES;
				CLANG_WARN__DUPLICATE_METHOD_MATCH = YES;
				CODE_SIGN_IDENTITY = "iPhone Developer";
				COPY_PHASE_STRIP = NO;
				DEBUG_INFORMATION_FORMAT = "dwarf-with-dsym";
				ENABLE_NS_ASSERTIONS = NO;
				ENABLE_STRICT_OBJC_MSGSEND = YES;
				GCC_C_LANGUAGE_STANDARD = gnu11;
				GCC_NO_COMMON_BLOCKS = YES;
				GCC_WARN_64_TO_32_BIT_CONVERSION = YES;
				GCC_WARN_ABOUT_RETURN_TYPE = YES_ERROR;
				GCC_WARN_UNDECLARED_SELECTOR = YES;
				GCC_WARN_UNINITIALIZED_AUTOS = YES_AGGRESSIVE;
				GCC_WARN_UNUSED_FUNCTION = YES;
				GCC_WARN_UNUSED_VARIABLE = YES;
				IPHONEOS_DEPLOYMENT_TARGET = 11.3;
				MTL_ENABLE_DEBUG_INFO = NO;
				SDKROOT = iphoneos;
				SWIFT_COMPILATION_MODE = wholemodule;
				SWIFT_OPTIMIZATION_LEVEL = "-O";
				VALIDATE_PRODUCT = YES;
			};
			name = Release;
		};
		21F49B1620B4483000A7BEBE /* Debug */ = {
			isa = XCBuildConfiguration;
			buildSettings = {
				ASSETCATALOG_COMPILER_APPICON_NAME = AppIcon;
				CODE_SIGN_STYLE = Automatic;
				DEVELOPMENT_TEAM = 65SY5HTNVB;
				INFOPLIST_FILE = CoreMLVideos/Info.plist;
				LD_RUNPATH_SEARCH_PATHS = (
					"$(inherited)",
					"@executable_path/Frameworks",
				);
				PRODUCT_BUNDLE_IDENTIFIER = com.TAV.CoreMLVideos;
				PRODUCT_NAME = "$(TARGET_NAME)";
				SWIFT_VERSION = 4.0;
				TARGETED_DEVICE_FAMILY = "1,2";
			};
			name = Debug;
		};
		21F49B1720B4483000A7BEBE /* Release */ = {
			isa = XCBuildConfiguration;
			buildSettings = {
				ASSETCATALOG_COMPILER_APPICON_NAME = AppIcon;
				CODE_SIGN_STYLE = Automatic;
				DEVELOPMENT_TEAM = 65SY5HTNVB;
				INFOPLIST_FILE = CoreMLVideos/Info.plist;
				LD_RUNPATH_SEARCH_PATHS = (
					"$(inherited)",
					"@executable_path/Frameworks",
				);
				PRODUCT_BUNDLE_IDENTIFIER = com.TAV.CoreMLVideos;
				PRODUCT_NAME = "$(TARGET_NAME)";
				SWIFT_VERSION = 4.0;
				TARGETED_DEVICE_FAMILY = "1,2";
			};
			name = Release;
		};
/* End XCBuildConfiguration section */

/* Begin XCConfigurationList section */
		21F49AFE20B4482E00A7BEBE /* Build configuration list for PBXProject "CoreMLVideos" */ = {
			isa = XCConfigurationList;
			buildConfigurations = (
				21F49B1320B4483000A7BEBE /* Debug */,
				21F49B1420B4483000A7BEBE /* Release */,
			);
			defaultConfigurationIsVisible = 0;
			defaultConfigurationName = Release;
		};
		21F49B1520B4483000A7BEBE /* Build configuration list for PBXNativeTarget "CoreMLVideos" */ = {
			isa = XCConfigurationList;
			buildConfigurations = (
				21F49B1620B4483000A7BEBE /* Debug */,
				21F49B1720B4483000A7BEBE /* Release */,
			);
			defaultConfigurationIsVisible = 0;
			defaultConfigurationName = Release;
		};
/* End XCConfigurationList section */
	};
	rootObject = 21F49AFB20B4482E00A7BEBE /* Project object */;
}
